<?xml version="1.0" encoding="utf-8"?>
<Project ToolsVersion="4.0" xmlns="http://schemas.microsoft.com/developer/msbuild/2003">
  <ItemGroup>
    <Filter Include="Resource Files">
      <UniqueIdentifier>{67DA6AB6-F800-4c08-8B7A-83BB121AAD01}</UniqueIdentifier>
      <Extensions>rc;ico;cur;bmp;dlg;rc2;rct;bin;rgs;gif;jpg;jpeg;jpe;resx;tiff;tif;png;wav;mfcribbon-ms</Extensions>
    </Filter>
    <Filter Include="src">
      <UniqueIdentifier>{259e19e2-6fb4-4dfd-835e-d77be4e1ace9}</UniqueIdentifier>
    </Filter>
    <Filter Include="src\objects">
      <UniqueIdentifier>{749cc8af-5f3d-440e-ab7f-1b61ebc45353}</UniqueIdentifier>
    </Filter>
    <Filter Include="src\math">
      <UniqueIdentifier>{2b8eef41-ab3d-48c5-ae49-6c910d7394a6}</UniqueIdentifier>
    </Filter>
  </ItemGroup>
  <ItemGroup>
    <Text Include="ReadMe.txt" />
  </ItemGroup>
  <ItemGroup>
    <ClCompile Include="main.cpp" />
    <ClCompile Include="Camera.cpp">
      <Filter>src</Filter>
    </ClCompile>
    <ClCompile Include="Ray.cpp">
      <Filter>src</Filter>
    </ClCompile>
    <ClCompile Include="World.cpp">
      <Filter>src</Filter>
    </ClCompile>
    <ClCompile Include="Plane.cpp">
      <Filter>src\objects</Filter>
    </ClCompile>
    <ClCompile Include="ObjectFactory.cpp">
      <Filter>src\objects</Filter>
    </ClCompile>
    <ClCompile Include="Sphere.cpp">
      <Filter>src\objects</Filter>
    </ClCompile>
  </ItemGroup>
  <ItemGroup>
    <ClInclude Include="Camera.h">
      <Filter>src</Filter>
    </ClInclude>
    <ClInclude Include="Ray.h">
      <Filter>src</Filter>
    </ClInclude>
    <ClInclude Include="ObjBase.h">
      <Filter>src\objects</Filter>
    </ClInclude>
    <ClInclude Include="World.h">
      <Filter>src</Filter>
    </ClInclude>
    <ClInclude Include="Plane.h">
      <Filter>src\objects</Filter>
    </ClInclude>
    <ClInclude Include="JsonEigen.h">
      <Filter>src\math</Filter>
    </ClInclude>
    <ClInclude Include="ObjectFactory.h">
      <Filter>src\objects</Filter>
    </ClInclude>
    <ClInclude Include="ObjectMaker.h">
      <Filter>src\objects</Filter>
    </ClInclude>
    <ClInclude Include="Sphere.h">
      <Filter>src\objects</Filter>
    </ClInclude>
  </ItemGroup>
  <ItemGroup>
    <None Include="objects.json" />
  </ItemGroup>
</Project>